
Microsoft Visual Studio Solution File, Format Version 12.00
# Visual Studio Version 17
VisualStudioVersion = 17.13.35806.99 d17.13
MinimumVisualStudioVersion = 10.0.40219.1
Project("{8BC9CEB8-8B4A-11D0-8D11-00A0C91BC942}") = "T3", "T3\T3.vcxproj", "{050082AB-9592-457D-B935-91F04DC1F363}"
EndProject
Global
	GlobalSection(SolutionConfigurationPlatforms) = preSolution
		Debug|x64 = Debug|x64
		Debug|x86 = Debug|x86
		Release|x64 = Release|x64
		Release|x86 = Release|x86
	EndGlobalSection
	GlobalSection(ProjectConfigurationPlatforms) = postSolution
		{050082AB-9592-457D-B935-91F04DC1F363}.Debug|x64.ActiveCfg = Debug|x64
		{050082AB-9592-457D-B935-91F04DC1F363}.Debug|x64.Build.0 = Debug|x64
		{050082AB-9592-457D-B935-91F04DC1F363}.Debug|x86.ActiveCfg = Debug|Win32
		{050082AB-9592-457D-B935-91F04DC1F363}.Debug|x86.Build.0 = Debug|Win32
		{050082AB-9592-457D-B935-91F04DC1F363}.Release|x64.ActiveCfg = Release|x64
		{050082AB-9592-457D-B935-91F04DC1F363}.Release|x64.Build.0 = Release|x64
		{050082AB-9592-457D-B935-91F04DC1F363}.Release|x86.ActiveCfg = Release|Win32
		{050082AB-9592-457D-B935-91F04DC1F363}.Release|x86.Build.0 = Release|Win32
	EndGlobalSection
	GlobalSection(SolutionProperties) = preSolution
		HideSolutionNode = FALSE
	EndGlobalSection
	GlobalSection(ExtensibilityGlobals) = postSolution
		SolutionGuid = {59CE88B4-059E-4E3F-A073-4E57768B858E}
	EndGlobalSection
EndGlobal
